
Microsoft Visual Studio Solution File, Format Version 12.00
# Visual Studio Version 16
VisualStudioVersion = 16.0.31205.134
MinimumVisualStudioVersion = 10.0.40219.1
Project("{FAE04EC0-301F-11D3-BF4B-00C04F79EFBC}") = "SeatConstructor", "SeatConstructor\SeatConstructor.csproj", "{77878161-ABEE-4E76-9448-F3393421CC95}"
EndProject
Global
	GlobalSection(SolutionConfigurationPlatforms) = preSolution
		Debug|Any CPU = Debug|Any CPU
		Release|Any CPU = Release|Any CPU
	EndGlobalSection
	GlobalSection(ProjectConfigurationPlatforms) = postSolution
		{77878161-ABEE-4E76-9448-F3393421CC95}.Debug|Any CPU.ActiveCfg = Debug|Any CPU
		{77878161-ABEE-4E76-9448-F3393421CC95}.Debug|Any CPU.Build.0 = Debug|Any CPU
		{77878161-ABEE-4E76-9448-F3393421CC95}.Release|Any CPU.ActiveCfg = Release|Any CPU
		{77878161-ABEE-4E76-9448-F3393421CC95}.Release|Any CPU.Build.0 = Release|Any CPU
	EndGlobalSection
	GlobalSection(SolutionProperties) = preSolution
		HideSolutionNode = FALSE
	EndGlobalSection
	GlobalSection(ExtensibilityGlobals) = postSolution
		SolutionGuid = {6E5308AD-2D0A-4F04-B001-6EF79C2FDCD7}
	EndGlobalSection
EndGlobal
